// !$*UTF8*$!
{
	archiveVersion = 1;
	classes = {
	};
	objectVersion = 50;
	objects = {

/* Begin PBXBuildFile section */
		681604C920C7166500F7871C /* RouteCollectionReusableView.swift in Sources */ = {isa = PBXBuildFile; fileRef = 681604C820C7166500F7871C /* RouteCollectionReusableView.swift */; };
		683319232110DE6200BCF1BA /* RouteViewController.swift in Sources */ = {isa = PBXBuildFile; fileRef = 683319222110DE6200BCF1BA /* RouteViewController.swift */; };
		6879265220C5BD88000F9DC9 /* AppDelegate.swift in Sources */ = {isa = PBXBuildFile; fileRef = 6879265120C5BD88000F9DC9 /* AppDelegate.swift */; };
		6879265420C5BD88000F9DC9 /* ViewController.swift in Sources */ = {isa = PBXBuildFile; fileRef = 6879265320C5BD88000F9DC9 /* ViewController.swift */; };
		6879265720C5BD88000F9DC9 /* Main.storyboard in Resources */ = {isa = PBXBuildFile; fileRef = 6879265520C5BD88000F9DC9 /* Main.storyboard */; };
		6879265920C5BD8B000F9DC9 /* Assets.xcassets in Resources */ = {isa = PBXBuildFile; fileRef = 6879265820C5BD8B000F9DC9 /* Assets.xcassets */; };
		6879265C20C5BD8B000F9DC9 /* LaunchScreen.storyboard in Resources */ = {isa = PBXBuildFile; fileRef = 6879265A20C5BD8B000F9DC9 /* LaunchScreen.storyboard */; };
		6879266820C5BEB9000F9DC9 /* SzegedSchedule.db in Resources */ = {isa = PBXBuildFile; fileRef = 6879266720C5BEB9000F9DC9 /* SzegedSchedule.db */; };
		6879266C20C5BF81000F9DC9 /* FileManagerExtension.swift in Sources */ = {isa = PBXBuildFile; fileRef = 6879266920C5BF81000F9DC9 /* FileManagerExtension.swift */; };
		6879266D20C5BF81000F9DC9 /* ScheduleDBManager.swift in Sources */ = {isa = PBXBuildFile; fileRef = 6879266A20C5BF81000F9DC9 /* ScheduleDBManager.swift */; };
		6879266E20C5BF81000F9DC9 /* Route.swift in Sources */ = {isa = PBXBuildFile; fileRef = 6879266B20C5BF81000F9DC9 /* Route.swift */; };
		6879267020C5BF8F000F9DC9 /* Agency.swift in Sources */ = {isa = PBXBuildFile; fileRef = 6879266F20C5BF8F000F9DC9 /* Agency.swift */; };
		6879267920C5C2D9000F9DC9 /* RouteCollectionViewController.swift in Sources */ = {isa = PBXBuildFile; fileRef = 6879267820C5C2D9000F9DC9 /* RouteCollectionViewController.swift */; };
		6879267B20C5C7BF000F9DC9 /* RouteCollectionViewCell.swift in Sources */ = {isa = PBXBuildFile; fileRef = 6879267A20C5C7BF000F9DC9 /* RouteCollectionViewCell.swift */; };
/* End PBXBuildFile section */

/* Begin PBXFileReference section */
		681604C820C7166500F7871C /* RouteCollectionReusableView.swift */ = {isa = PBXFileReference; lastKnownFileType = sourcecode.swift; path = RouteCollectionReusableView.swift; sourceTree = "<group>"; };
		683319222110DE6200BCF1BA /* RouteViewController.swift */ = {isa = PBXFileReference; lastKnownFileType = sourcecode.swift; path = RouteViewController.swift; sourceTree = "<group>"; };
		6879264E20C5BD88000F9DC9 /* MenetrendSzeged.app */ = {isa = PBXFileReference; explicitFileType = wrapper.application; includeInIndex = 0; path = MenetrendSzeged.app; sourceTree = BUILT_PRODUCTS_DIR; };
		6879265120C5BD88000F9DC9 /* AppDelegate.swift */ = {isa = PBXFileReference; lastKnownFileType = sourcecode.swift; path = AppDelegate.swift; sourceTree = "<group>"; };
		6879265320C5BD88000F9DC9 /* ViewController.swift */ = {isa = PBXFileReference; lastKnownFileType = sourcecode.swift; path = ViewController.swift; sourceTree = "<group>"; };
		6879265620C5BD88000F9DC9 /* Base */ = {isa = PBXFileReference; lastKnownFileType = file.storyboard; name = Base; path = Base.lproj/Main.storyboard; sourceTree = "<group>"; };
		6879265820C5BD8B000F9DC9 /* Assets.xcassets */ = {isa = PBXFileReference; lastKnownFileType = folder.assetcatalog; path = Assets.xcassets; sourceTree = "<group>"; };
		6879265B20C5BD8B000F9DC9 /* Base */ = {isa = PBXFileReference; lastKnownFileType = file.storyboard; name = Base; path = Base.lproj/LaunchScreen.storyboard; sourceTree = "<group>"; };
		6879265D20C5BD8B000F9DC9 /* Info.plist */ = {isa = PBXFileReference; lastKnownFileType = text.plist.xml; path = Info.plist; sourceTree = "<group>"; };
		6879266720C5BEB9000F9DC9 /* SzegedSchedule.db */ = {isa = PBXFileReference; lastKnownFileType = file; path = SzegedSchedule.db; sourceTree = "<group>"; };
		6879266920C5BF81000F9DC9 /* FileManagerExtension.swift */ = {isa = PBXFileReference; fileEncoding = 4; lastKnownFileType = sourcecode.swift; path = FileManagerExtension.swift; sourceTree = "<group>"; };
		6879266A20C5BF81000F9DC9 /* ScheduleDBManager.swift */ = {isa = PBXFileReference; fileEncoding = 4; lastKnownFileType = sourcecode.swift; path = ScheduleDBManager.swift; sourceTree = "<group>"; };
		6879266B20C5BF81000F9DC9 /* Route.swift */ = {isa = PBXFileReference; fileEncoding = 4; lastKnownFileType = sourcecode.swift; path = Route.swift; sourceTree = "<group>"; };
		6879266F20C5BF8F000F9DC9 /* Agency.swift */ = {isa = PBXFileReference; fileEncoding = 4; lastKnownFileType = sourcecode.swift; path = Agency.swift; sourceTree = "<group>"; };
		6879267820C5C2D9000F9DC9 /* RouteCollectionViewController.swift */ = {isa = PBXFileReference; lastKnownFileType = sourcecode.swift; path = RouteCollectionViewController.swift; sourceTree = "<group>"; };
		6879267A20C5C7BF000F9DC9 /* RouteCollectionViewCell.swift */ = {isa = PBXFileReference; lastKnownFileType = sourcecode.swift; path = RouteCollectionViewCell.swift; sourceTree = "<group>"; };
/* End PBXFileReference section */

/* Begin PBXFrameworksBuildPhase section */
		6879264B20C5BD88000F9DC9 /* Frameworks */ = {
			isa = PBXFrameworksBuildPhase;
			buildActionMask = 2147483647;
			files = (
			);
			runOnlyForDeploymentPostprocessing = 0;
		};
/* End PBXFrameworksBuildPhase section */

/* Begin PBXGroup section */
		6879264520C5BD88000F9DC9 = {
			isa = PBXGroup;
			children = (
				6879265020C5BD88000F9DC9 /* MenetrendSzeged */,
				6879264F20C5BD88000F9DC9 /* Products */,
			);
			sourceTree = "<group>";
		};
		6879264F20C5BD88000F9DC9 /* Products */ = {
			isa = PBXGroup;
			children = (
				6879264E20C5BD88000F9DC9 /* MenetrendSzeged.app */,
			);
			name = Products;
			sourceTree = "<group>";
		};
		6879265020C5BD88000F9DC9 /* MenetrendSzeged */ = {
			isa = PBXGroup;
			children = (
				6879267120C5BFAD000F9DC9 /* Database */,
				6879267420C5BFF3000F9DC9 /* ViewControllers */,
				6879267520C5C00B000F9DC9 /* Views */,
				6879267320C5BFD9000F9DC9 /* Utils */,
				6879265120C5BD88000F9DC9 /* AppDelegate.swift */,
				6879265820C5BD8B000F9DC9 /* Assets.xcassets */,
				6879265D20C5BD8B000F9DC9 /* Info.plist */,
			);
			path = MenetrendSzeged;
			sourceTree = "<group>";
		};
		6879267120C5BFAD000F9DC9 /* Database */ = {
			isa = PBXGroup;
			children = (
				6879266720C5BEB9000F9DC9 /* SzegedSchedule.db */,
				6879266A20C5BF81000F9DC9 /* ScheduleDBManager.swift */,
				6879267220C5BFB6000F9DC9 /* Model */,
			);
			path = Database;
			sourceTree = "<group>";
		};
		6879267220C5BFB6000F9DC9 /* Model */ = {
			isa = PBXGroup;
			children = (
				6879266F20C5BF8F000F9DC9 /* Agency.swift */,
				6879266B20C5BF81000F9DC9 /* Route.swift */,
			);
			path = Model;
			sourceTree = "<group>";
		};
		6879267320C5BFD9000F9DC9 /* Utils */ = {
			isa = PBXGroup;
			children = (
				6879266920C5BF81000F9DC9 /* FileManagerExtension.swift */,
			);
			path = Utils;
			sourceTree = "<group>";
		};
		6879267420C5BFF3000F9DC9 /* ViewControllers */ = {
			isa = PBXGroup;
			children = (
				6879265320C5BD88000F9DC9 /* ViewController.swift */,
				6879267820C5C2D9000F9DC9 /* RouteCollectionViewController.swift */,
				683319222110DE6200BCF1BA /* RouteViewController.swift */,
			);
			path = ViewControllers;
			sourceTree = "<group>";
		};
		6879267520C5C00B000F9DC9 /* Views */ = {
			isa = PBXGroup;
			children = (
				6879265A20C5BD8B000F9DC9 /* LaunchScreen.storyboard */,
				6879265520C5BD88000F9DC9 /* Main.storyboard */,
				681604C820C7166500F7871C /* RouteCollectionReusableView.swift */,
				6879267A20C5C7BF000F9DC9 /* RouteCollectionViewCell.swift */,
			);
			path = Views;
			sourceTree = "<group>";
		};
/* End PBXGroup section */

/* Begin PBXNativeTarget section */
		6879264D20C5BD88000F9DC9 /* MenetrendSzeged */ = {
			isa = PBXNativeTarget;
			buildConfigurationList = 6879266020C5BD8B000F9DC9 /* Build configuration list for PBXNativeTarget "MenetrendSzeged" */;
			buildPhases = (
				6879264A20C5BD88000F9DC9 /* Sources */,
				6879264B20C5BD88000F9DC9 /* Frameworks */,
				6879264C20C5BD88000F9DC9 /* Resources */,
			);
			buildRules = (
			);
			dependencies = (
			);
			name = MenetrendSzeged;
			productName = MenetrendSzeged;
			productReference = 6879264E20C5BD88000F9DC9 /* MenetrendSzeged.app */;
			productType = "com.apple.product-type.application";
		};
/* End PBXNativeTarget section */

/* Begin PBXProject section */
		6879264620C5BD88000F9DC9 /* Project object */ = {
			isa = PBXProject;
			attributes = {
				LastSwiftUpdateCheck = 0930;
				LastUpgradeCheck = 0930;
				ORGANIZATIONNAME = deXol;
				TargetAttributes = {
					6879264D20C5BD88000F9DC9 = {
						CreatedOnToolsVersion = 9.3;
					};
				};
			};
			buildConfigurationList = 6879264920C5BD88000F9DC9 /* Build configuration list for PBXProject "MenetrendSzeged" */;
			compatibilityVersion = "Xcode 9.3";
			developmentRegion = en;
			hasScannedForEncodings = 0;
			knownRegions = (
				en,
				Base,
			);
			mainGroup = 6879264520C5BD88000F9DC9;
			productRefGroup = 6879264F20C5BD88000F9DC9 /* Products */;
			projectDirPath = "";
			projectRoot = "";
			targets = (
				6879264D20C5BD88000F9DC9 /* MenetrendSzeged */,
			);
		};
/* End PBXProject section */

/* Begin PBXResourcesBuildPhase section */
		6879264C20C5BD88000F9DC9 /* Resources */ = {
			isa = PBXResourcesBuildPhase;
			buildActionMask = 2147483647;
			files = (
				6879266820C5BEB9000F9DC9 /* SzegedSchedule.db in Resources */,
				6879265C20C5BD8B000F9DC9 /* LaunchScreen.storyboard in Resources */,
				6879265920C5BD8B000F9DC9 /* Assets.xcassets in Resources */,
				6879265720C5BD88000F9DC9 /* Main.storyboard in Resources */,
			);
			runOnlyForDeploymentPostprocessing = 0;
		};
/* End PBXResourcesBuildPhase section */

/* Begin PBXSourcesBuildPhase section */
		6879264A20C5BD88000F9DC9 /* Sources */ = {
			isa = PBXSourcesBuildPhase;
			buildActionMask = 2147483647;
			files = (
				6879266D20C5BF81000F9DC9 /* ScheduleDBManager.swift in Sources */,
				6879265420C5BD88000F9DC9 /* ViewController.swift in Sources */,
				6879266C20C5BF81000F9DC9 /* FileManagerExtension.swift in Sources */,
				6879266E20C5BF81000F9DC9 /* Route.swift in Sources */,
				6879267020C5BF8F000F9DC9 /* Agency.swift in Sources */,
				6879265220C5BD88000F9DC9 /* AppDelegate.swift in Sources */,
				6879267B20C5C7BF000F9DC9 /* RouteCollectionViewCell.swift in Sources */,
				681604C920C7166500F7871C /* RouteCollectionReusableView.swift in Sources */,
				683319232110DE6200BCF1BA /* RouteViewController.swift in Sources */,
				6879267920C5C2D9000F9DC9 /* RouteCollectionViewController.swift in Sources */,
			);
			runOnlyForDeploymentPostprocessing = 0;
		};
/* End PBXSourcesBuildPhase section */

/* Begin PBXVariantGroup section */
		6879265520C5BD88000F9DC9 /* Main.storyboard */ = {
			isa = PBXVariantGroup;
			children = (
				6879265620C5BD88000F9DC9 /* Base */,
			);
			name = Main.storyboard;
			sourceTree = "<group>";
		};
		6879265A20C5BD8B000F9DC9 /* LaunchScreen.storyboard */ = {
			isa = PBXVariantGroup;
			children = (
				6879265B20C5BD8B000F9DC9 /* Base */,
			);
			name = LaunchScreen.storyboard;
			sourceTree = "<group>";
		};
/* End PBXVariantGroup section */

/* Begin XCBuildConfiguration section */
		6879265E20C5BD8B000F9DC9 /* Debug */ = {
			isa = XCBuildConfiguration;
			buildSettings = {
				ALWAYS_SEARCH_USER_PATHS = NO;
				CLANG_ANALYZER_NONNULL = YES;
				CLANG_ANALYZER_NUMBER_OBJECT_CONVERSION = YES_AGGRESSIVE;
				CLANG_CXX_LANGUAGE_STANDARD = "gnu++14";
				CLANG_CXX_LIBRARY = "libc++";
				CLANG_ENABLE_MODULES = YES;
				CLANG_ENABLE_OBJC_ARC = YES;
				CLANG_ENABLE_OBJC_WEAK = YES;
				CLANG_WARN_BLOCK_CAPTURE_AUTORELEASING = YES;
				CLANG_WARN_BOOL_CONVERSION = YES;
				CLANG_WARN_COMMA = YES;
				CLANG_WARN_CONSTANT_CONVERSION = YES;
				CLANG_WARN_DEPRECATED_OBJC_IMPLEMENTATIONS = YES;
				CLANG_WARN_DIRECT_OBJC_ISA_USAGE = YES_ERROR;
				CLANG_WARN_DOCUMENTATION_COMMENTS = YES;
				CLANG_WARN_EMPTY_BODY = YES;
				CLANG_WARN_ENUM_CONVERSION = YES;
				CLANG_WARN_INFINITE_RECURSION = YES;
				CLANG_WARN_INT_CONVERSION = YES;
				CLANG_WARN_NON_LITERAL_NULL_CONVERSION = YES;
				CLANG_WARN_OBJC_IMPLICIT_RETAIN_SELF = YES;
				CLANG_WARN_OBJC_LITERAL_CONVERSION = YES;
				CLANG_WARN_OBJC_ROOT_CLASS = YES_ERROR;
				CLANG_WARN_RANGE_LOOP_ANALYSIS = YES;
				CLANG_WARN_STRICT_PROTOTYPES = YES;
				CLANG_WARN_SUSPICIOUS_MOVE = YES;
				CLANG_WARN_UNGUARDED_AVAILABILITY = YES_AGGRESSIVE;
				CLANG_WARN_UNREACHABLE_CODE = YES;
				CLANG_WARN__DUPLICATE_METHOD_MATCH = YES;
				CODE_SIGN_IDENTITY = "iPhone Developer";
				COPY_PHASE_STRIP = NO;
				DEBUG_INFORMATION_FORMAT = dwarf;
				ENABLE_STRICT_OBJC_MSGSEND = YES;
				ENABLE_TESTABILITY = YES;
				GCC_C_LANGUAGE_STANDARD = gnu11;
				GCC_DYNAMIC_NO_PIC = NO;
				GCC_NO_COMMON_BLOCKS = YES;
				GCC_OPTIMIZATION_LEVEL = 0;
				GCC_PREPROCESSOR_DEFINITIONS = (
					"DEBUG=1",
					"$(inherited)",
				);
				GCC_WARN_64_TO_32_BIT_CONVERSION = YES;
				GCC_WARN_ABOUT_RETURN_TYPE = YES_ERROR;
				GCC_WARN_UNDECLARED_SELECTOR = YES;
				GCC_WARN_UNINITIALIZED_AUTOS = YES_AGGRESSIVE;
				GCC_WARN_UNUSED_FUNCTION = YES;
				GCC_WARN_UNUSED_VARIABLE = YES;
				IPHONEOS_DEPLOYMENT_TARGET = 11.3;
				MTL_ENABLE_DEBUG_INFO = YES;
				ONLY_ACTIVE_ARCH = YES;
				SDKROOT = iphoneos;
				SWIFT_ACTIVE_COMPILATION_CONDITIONS = DEBUG;
				SWIFT_OPTIMIZATION_LEVEL = "-Onone";
			};
			name = Debug;
		};
		6879265F20C5BD8B000F9DC9 /* Release */ = {
			isa = XCBuildConfiguration;
			buildSettings = {
				ALWAYS_SEARCH_USER_PATHS = NO;
				CLANG_ANALYZER_NONNULL = YES;
				CLANG_ANALYZER_NUMBER_OBJECT_CONVERSION = YES_AGGRESSIVE;
				CLANG_CXX_LANGUAGE_STANDARD = "gnu++14";
				CLANG_CXX_LIBRARY = "libc++";
				CLANG_ENABLE_MODULES = YES;
				CLANG_ENABLE_OBJC_ARC = YES;
				CLANG_ENABLE_OBJC_WEAK = YES;
				CLANG_WARN_BLOCK_CAPTURE_AUTORELEASING = YES;
				CLANG_WARN_BOOL_CONVERSION = YES;
				CLANG_WARN_COMMA = YES;
				CLANG_WARN_CONSTANT_CONVERSION = YES;
				CLANG_WARN_DEPRECATED_OBJC_IMPLEMENTATIONS = YES;
				CLANG_WARN_DIRECT_OBJC_ISA_USAGE = YES_ERROR;
				CLANG_WARN_DOCUMENTATION_COMMENTS = YES;
				CLANG_WARN_EMPTY_BODY = YES;
				CLANG_WARN_ENUM_CONVERSION = YES;
				CLANG_WARN_INFINITE_RECURSION = YES;
				CLANG_WARN_INT_CONVERSION = YES;
				CLANG_WARN_NON_LITERAL_NULL_CONVERSION = YES;
				CLANG_WARN_OBJC_IMPLICIT_RETAIN_SELF = YES;
				CLANG_WARN_OBJC_LITERAL_CONVERSION = YES;
				CLANG_WARN_OBJC_ROOT_CLASS = YES_ERROR;
				CLANG_WARN_RANGE_LOOP_ANALYSIS = YES;
				CLANG_WARN_STRICT_PROTOTYPES = YES;
				CLANG_WARN_SUSPICIOUS_MOVE = YES;
				CLANG_WARN_UNGUARDED_AVAILABILITY = YES_AGGRESSIVE;
				CLANG_WARN_UNREACHABLE_CODE = YES;
				CLANG_WARN__DUPLICATE_METHOD_MATCH = YES;
				CODE_SIGN_IDENTITY = "iPhone Developer";
				COPY_PHASE_STRIP = NO;
				DEBUG_INFORMATION_FORMAT = "dwarf-with-dsym";
				ENABLE_NS_ASSERTIONS = NO;
				ENABLE_STRICT_OBJC_MSGSEND = YES;
				GCC_C_LANGUAGE_STANDARD = gnu11;
				GCC_NO_COMMON_BLOCKS = YES;
				GCC_WARN_64_TO_32_BIT_CONVERSION = YES;
				GCC_WARN_ABOUT_RETURN_TYPE = YES_ERROR;
				GCC_WARN_UNDECLARED_SELECTOR = YES;
				GCC_WARN_UNINITIALIZED_AUTOS = YES_AGGRESSIVE;
				GCC_WARN_UNUSED_FUNCTION = YES;
				GCC_WARN_UNUSED_VARIABLE = YES;
				IPHONEOS_DEPLOYMENT_TARGET = 11.3;
				MTL_ENABLE_DEBUG_INFO = NO;
				SDKROOT = iphoneos;
				SWIFT_COMPILATION_MODE = wholemodule;
				SWIFT_OPTIMIZATION_LEVEL = "-O";
				VALIDATE_PRODUCT = YES;
			};
			name = Release;
		};
		6879266120C5BD8B000F9DC9 /* Debug */ = {
			isa = XCBuildConfiguration;
			buildSettings = {
				ASSETCATALOG_COMPILER_APPICON_NAME = AppIcon;
				CODE_SIGN_STYLE = Automatic;
				DEVELOPMENT_TEAM = L4XE97Y3WZ;
				INFOPLIST_FILE = MenetrendSzeged/Info.plist;
				LD_RUNPATH_SEARCH_PATHS = (
					"$(inherited)",
					"@executable_path/Frameworks",
				);
				PRODUCT_BUNDLE_IDENTIFIER = com.dexol.MenetrendSzeged;
				PRODUCT_NAME = "$(TARGET_NAME)";
				SWIFT_VERSION = 4.0;
				TARGETED_DEVICE_FAMILY = "1,2";
			};
			name = Debug;
		};
		6879266220C5BD8B000F9DC9 /* Release */ = {
			isa = XCBuildConfiguration;
			buildSettings = {
				ASSETCATALOG_COMPILER_APPICON_NAME = AppIcon;
				CODE_SIGN_STYLE = Automatic;
				DEVELOPMENT_TEAM = L4XE97Y3WZ;
				INFOPLIST_FILE = MenetrendSzeged/Info.plist;
				LD_RUNPATH_SEARCH_PATHS = (
					"$(inherited)",
					"@executable_path/Frameworks",
				);
				PRODUCT_BUNDLE_IDENTIFIER = com.dexol.MenetrendSzeged;
				PRODUCT_NAME = "$(TARGET_NAME)";
				SWIFT_VERSION = 4.0;
				TARGETED_DEVICE_FAMILY = "1,2";
			};
			name = Release;
		};
/* End XCBuildConfiguration section */

/* Begin XCConfigurationList section */
		6879264920C5BD88000F9DC9 /* Build configuration list for PBXProject "MenetrendSzeged" */ = {
			isa = XCConfigurationList;
			buildConfigurations = (
				6879265E20C5BD8B000F9DC9 /* Debug */,
				6879265F20C5BD8B000F9DC9 /* Release */,
			);
			defaultConfigurationIsVisible = 0;
			defaultConfigurationName = Release;
		};
		6879266020C5BD8B000F9DC9 /* Build configuration list for PBXNativeTarget "MenetrendSzeged" */ = {
			isa = XCConfigurationList;
			buildConfigurations = (
				6879266120C5BD8B000F9DC9 /* Debug */,
				6879266220C5BD8B000F9DC9 /* Release */,
			);
			defaultConfigurationIsVisible = 0;
			defaultConfigurationName = Release;
		};
/* End XCConfigurationList section */
	};
	rootObject = 6879264620C5BD88000F9DC9 /* Project object */;
}
